// !$*UTF8*$!
{
	archiveVersion = 1;
	classes = {
	};
	objectVersion = 46;
	objects = {

/* Begin PBXBuildFile section */
		2326A89E1AC8C7DA0021B277 /* FrontPage.xcassets in Resources */ = {isa = PBXBuildFile; fileRef = 2326A89D1AC8C7DA0021B277 /* FrontPage.xcassets */; };
		2326A8A01AC8D2F30021B277 /* ProfileCreation.xcassets in Resources */ = {isa = PBXBuildFile; fileRef = 2326A89F1AC8D2F30021B277 /* ProfileCreation.xcassets */; };
		2326A8A21AC8D6BB0021B277 /* MainFeed.xcassets in Resources */ = {isa = PBXBuildFile; fileRef = 2326A8A11AC8D6BB0021B277 /* MainFeed.xcassets */; };
		23C468C21AC3C18000FBA5D4 /* AppDelegate.swift in Sources */ = {isa = PBXBuildFile; fileRef = 23C468C11AC3C18000FBA5D4 /* AppDelegate.swift */; };
		23C468C51AC3C18000FBA5D4 /* TechBuddy.xcdatamodeld in Sources */ = {isa = PBXBuildFile; fileRef = 23C468C31AC3C18000FBA5D4 /* TechBuddy.xcdatamodeld */; };
		23C468C71AC3C18000FBA5D4 /* ViewController.swift in Sources */ = {isa = PBXBuildFile; fileRef = 23C468C61AC3C18000FBA5D4 /* ViewController.swift */; };
		23C468CA1AC3C18000FBA5D4 /* Main.storyboard in Resources */ = {isa = PBXBuildFile; fileRef = 23C468C81AC3C18000FBA5D4 /* Main.storyboard */; };
		23C468CC1AC3C18000FBA5D4 /* Images.xcassets in Resources */ = {isa = PBXBuildFile; fileRef = 23C468CB1AC3C18000FBA5D4 /* Images.xcassets */; };
		23C468CF1AC3C18000FBA5D4 /* LaunchScreen.xib in Resources */ = {isa = PBXBuildFile; fileRef = 23C468CD1AC3C18000FBA5D4 /* LaunchScreen.xib */; };
		23C468DB1AC3C18000FBA5D4 /* TechBuddyTests.swift in Sources */ = {isa = PBXBuildFile; fileRef = 23C468DA1AC3C18000FBA5D4 /* TechBuddyTests.swift */; };
		32B11743FA89AB5D09A47EB2 /* libPods.a in Frameworks */ = {isa = PBXBuildFile; fileRef = 837046EE05ED2C242E2E9F38 /* libPods.a */; };
/* End PBXBuildFile section */

/* Begin PBXContainerItemProxy section */
		23C468D51AC3C18000FBA5D4 /* PBXContainerItemProxy */ = {
			isa = PBXContainerItemProxy;
			containerPortal = 23C468B41AC3C18000FBA5D4 /* Project object */;
			proxyType = 1;
			remoteGlobalIDString = 23C468BB1AC3C18000FBA5D4;
			remoteInfo = TechBuddy;
		};
/* End PBXContainerItemProxy section */

/* Begin PBXFileReference section */
		2326A89D1AC8C7DA0021B277 /* FrontPage.xcassets */ = {isa = PBXFileReference; lastKnownFileType = folder.assetcatalog; path = FrontPage.xcassets; sourceTree = "<group>"; };
		2326A89F1AC8D2F30021B277 /* ProfileCreation.xcassets */ = {isa = PBXFileReference; lastKnownFileType = folder.assetcatalog; path = ProfileCreation.xcassets; sourceTree = "<group>"; };
		2326A8A11AC8D6BB0021B277 /* MainFeed.xcassets */ = {isa = PBXFileReference; lastKnownFileType = folder.assetcatalog; path = MainFeed.xcassets; sourceTree = "<group>"; };
		23C468BC1AC3C18000FBA5D4 /* TechBuddy.app */ = {isa = PBXFileReference; explicitFileType = wrapper.application; includeInIndex = 0; path = TechBuddy.app; sourceTree = BUILT_PRODUCTS_DIR; };
		23C468C01AC3C18000FBA5D4 /* Info.plist */ = {isa = PBXFileReference; lastKnownFileType = text.plist.xml; path = Info.plist; sourceTree = "<group>"; };
		23C468C11AC3C18000FBA5D4 /* AppDelegate.swift */ = {isa = PBXFileReference; lastKnownFileType = sourcecode.swift; path = AppDelegate.swift; sourceTree = "<group>"; };
		23C468C41AC3C18000FBA5D4 /* TechBuddy.xcdatamodel */ = {isa = PBXFileReference; lastKnownFileType = wrapper.xcdatamodel; path = TechBuddy.xcdatamodel; sourceTree = "<group>"; };
		23C468C61AC3C18000FBA5D4 /* ViewController.swift */ = {isa = PBXFileReference; lastKnownFileType = sourcecode.swift; path = ViewController.swift; sourceTree = "<group>"; };
		23C468C91AC3C18000FBA5D4 /* Base */ = {isa = PBXFileReference; lastKnownFileType = file.storyboard; name = Base; path = Base.lproj/Main.storyboard; sourceTree = "<group>"; };
		23C468CB1AC3C18000FBA5D4 /* Images.xcassets */ = {isa = PBXFileReference; lastKnownFileType = folder.assetcatalog; path = Images.xcassets; sourceTree = "<group>"; };
		23C468CE1AC3C18000FBA5D4 /* Base */ = {isa = PBXFileReference; lastKnownFileType = file.xib; name = Base; path = Base.lproj/LaunchScreen.xib; sourceTree = "<group>"; };
		23C468D41AC3C18000FBA5D4 /* TechBuddyTests.xctest */ = {isa = PBXFileReference; explicitFileType = wrapper.cfbundle; includeInIndex = 0; path = TechBuddyTests.xctest; sourceTree = BUILT_PRODUCTS_DIR; };
		23C468D91AC3C18000FBA5D4 /* Info.plist */ = {isa = PBXFileReference; lastKnownFileType = text.plist.xml; path = Info.plist; sourceTree = "<group>"; };
		23C468DA1AC3C18000FBA5D4 /* TechBuddyTests.swift */ = {isa = PBXFileReference; lastKnownFileType = sourcecode.swift; path = TechBuddyTests.swift; sourceTree = "<group>"; };
		837046EE05ED2C242E2E9F38 /* libPods.a */ = {isa = PBXFileReference; explicitFileType = archive.ar; includeInIndex = 0; path = libPods.a; sourceTree = BUILT_PRODUCTS_DIR; };
		B7ABD9493DCEF4D3B3551A61 /* Pods.debug.xcconfig */ = {isa = PBXFileReference; includeInIndex = 1; lastKnownFileType = text.xcconfig; name = Pods.debug.xcconfig; path = "Pods/Target Support Files/Pods/Pods.debug.xcconfig"; sourceTree = "<group>"; };
		FB6B2B0D435B71F9D3A039A7 /* Pods.release.xcconfig */ = {isa = PBXFileReference; includeInIndex = 1; lastKnownFileType = text.xcconfig; name = Pods.release.xcconfig; path = "Pods/Target Support Files/Pods/Pods.release.xcconfig"; sourceTree = "<group>"; };
/* End PBXFileReference section */

/* Begin PBXFrameworksBuildPhase section */
		23C468B91AC3C18000FBA5D4 /* Frameworks */ = {
			isa = PBXFrameworksBuildPhase;
			buildActionMask = 2147483647;
			files = (
				32B11743FA89AB5D09A47EB2 /* libPods.a in Frameworks */,
			);
			runOnlyForDeploymentPostprocessing = 0;
		};
		23C468D11AC3C18000FBA5D4 /* Frameworks */ = {
			isa = PBXFrameworksBuildPhase;
			buildActionMask = 2147483647;
			files = (
			);
			runOnlyForDeploymentPostprocessing = 0;
		};
/* End PBXFrameworksBuildPhase section */

/* Begin PBXGroup section */
		23C468B31AC3C18000FBA5D4 = {
			isa = PBXGroup;
			children = (
				23C468BE1AC3C18000FBA5D4 /* TechBuddy */,
				23C468D71AC3C18000FBA5D4 /* TechBuddyTests */,
				23C468BD1AC3C18000FBA5D4 /* Products */,
				71070CB84C141764C4CB993A /* Pods */,
				D2ED03EDDE405F9623EFD059 /* Frameworks */,
			);
			sourceTree = "<group>";
		};
		23C468BD1AC3C18000FBA5D4 /* Products */ = {
			isa = PBXGroup;
			children = (
				23C468BC1AC3C18000FBA5D4 /* TechBuddy.app */,
				23C468D41AC3C18000FBA5D4 /* TechBuddyTests.xctest */,
			);
			name = Products;
			sourceTree = "<group>";
		};
		23C468BE1AC3C18000FBA5D4 /* TechBuddy */ = {
			isa = PBXGroup;
			children = (
				23C468C11AC3C18000FBA5D4 /* AppDelegate.swift */,
				23C468C61AC3C18000FBA5D4 /* ViewController.swift */,
				23C468C81AC3C18000FBA5D4 /* Main.storyboard */,
				2326A89D1AC8C7DA0021B277 /* FrontPage.xcassets */,
				23C468CB1AC3C18000FBA5D4 /* Images.xcassets */,
				2326A8A11AC8D6BB0021B277 /* MainFeed.xcassets */,
				2326A89F1AC8D2F30021B277 /* ProfileCreation.xcassets */,
				23C468CD1AC3C18000FBA5D4 /* LaunchScreen.xib */,
				23C468C31AC3C18000FBA5D4 /* TechBuddy.xcdatamodeld */,
				23C468BF1AC3C18000FBA5D4 /* Supporting Files */,
			);
			path = TechBuddy;
			sourceTree = "<group>";
		};
		23C468BF1AC3C18000FBA5D4 /* Supporting Files */ = {
			isa = PBXGroup;
			children = (
				23C468C01AC3C18000FBA5D4 /* Info.plist */,
			);
			name = "Supporting Files";
			sourceTree = "<group>";
		};
		23C468D71AC3C18000FBA5D4 /* TechBuddyTests */ = {
			isa = PBXGroup;
			children = (
				23C468DA1AC3C18000FBA5D4 /* TechBuddyTests.swift */,
				23C468D81AC3C18000FBA5D4 /* Supporting Files */,
			);
			path = TechBuddyTests;
			sourceTree = "<group>";
		};
		23C468D81AC3C18000FBA5D4 /* Supporting Files */ = {
			isa = PBXGroup;
			children = (
				23C468D91AC3C18000FBA5D4 /* Info.plist */,
			);
			name = "Supporting Files";
			sourceTree = "<group>";
		};
		71070CB84C141764C4CB993A /* Pods */ = {
			isa = PBXGroup;
			children = (
				B7ABD9493DCEF4D3B3551A61 /* Pods.debug.xcconfig */,
				FB6B2B0D435B71F9D3A039A7 /* Pods.release.xcconfig */,
			);
			name = Pods;
			sourceTree = "<group>";
		};
		D2ED03EDDE405F9623EFD059 /* Frameworks */ = {
			isa = PBXGroup;
			children = (
				837046EE05ED2C242E2E9F38 /* libPods.a */,
			);
			name = Frameworks;
			sourceTree = "<group>";
		};
/* End PBXGroup section */

/* Begin PBXNativeTarget section */
		23C468BB1AC3C18000FBA5D4 /* TechBuddy */ = {
			isa = PBXNativeTarget;
			buildConfigurationList = 23C468DE1AC3C18000FBA5D4 /* Build configuration list for PBXNativeTarget "TechBuddy" */;
			buildPhases = (
				F0CFCA784F9D924A797F8016 /* Check Pods Manifest.lock */,
				23C468B81AC3C18000FBA5D4 /* Sources */,
				23C468B91AC3C18000FBA5D4 /* Frameworks */,
				23C468BA1AC3C18000FBA5D4 /* Resources */,
				1DDDC648788B5B56B79B0520 /* Copy Pods Resources */,
			);
			buildRules = (
			);
			dependencies = (
			);
			name = TechBuddy;
			productName = TechBuddy;
			productReference = 23C468BC1AC3C18000FBA5D4 /* TechBuddy.app */;
			productType = "com.apple.product-type.application";
		};
		23C468D31AC3C18000FBA5D4 /* TechBuddyTests */ = {
			isa = PBXNativeTarget;
			buildConfigurationList = 23C468E11AC3C18000FBA5D4 /* Build configuration list for PBXNativeTarget "TechBuddyTests" */;
			buildPhases = (
				23C468D01AC3C18000FBA5D4 /* Sources */,
				23C468D11AC3C18000FBA5D4 /* Frameworks */,
				23C468D21AC3C18000FBA5D4 /* Resources */,
			);
			buildRules = (
			);
			dependencies = (
				23C468D61AC3C18000FBA5D4 /* PBXTargetDependency */,
			);
			name = TechBuddyTests;
			productName = TechBuddyTests;
			productReference = 23C468D41AC3C18000FBA5D4 /* TechBuddyTests.xctest */;
			productType = "com.apple.product-type.bundle.unit-test";
		};
/* End PBXNativeTarget section */

/* Begin PBXProject section */
		23C468B41AC3C18000FBA5D4 /* Project object */ = {
			isa = PBXProject;
			attributes = {
				LastUpgradeCheck = 0620;
				ORGANIZATIONNAME = LineBreak;
				TargetAttributes = {
					23C468BB1AC3C18000FBA5D4 = {
						CreatedOnToolsVersion = 6.2;
					};
					23C468D31AC3C18000FBA5D4 = {
						CreatedOnToolsVersion = 6.2;
						TestTargetID = 23C468BB1AC3C18000FBA5D4;
					};
				};
			};
			buildConfigurationList = 23C468B71AC3C18000FBA5D4 /* Build configuration list for PBXProject "TechBuddy" */;
			compatibilityVersion = "Xcode 3.2";
			developmentRegion = English;
			hasScannedForEncodings = 0;
			knownRegions = (
				en,
				Base,
			);
			mainGroup = 23C468B31AC3C18000FBA5D4;
			productRefGroup = 23C468BD1AC3C18000FBA5D4 /* Products */;
			projectDirPath = "";
			projectRoot = "";
			targets = (
				23C468BB1AC3C18000FBA5D4 /* TechBuddy */,
				23C468D31AC3C18000FBA5D4 /* TechBuddyTests */,
			);
		};
/* End PBXProject section */

/* Begin PBXResourcesBuildPhase section */
		23C468BA1AC3C18000FBA5D4 /* Resources */ = {
			isa = PBXResourcesBuildPhase;
			buildActionMask = 2147483647;
			files = (
				2326A89E1AC8C7DA0021B277 /* FrontPage.xcassets in Resources */,
				23C468CA1AC3C18000FBA5D4 /* Main.storyboard in Resources */,
				23C468CF1AC3C18000FBA5D4 /* LaunchScreen.xib in Resources */,
				23C468CC1AC3C18000FBA5D4 /* Images.xcassets in Resources */,
				2326A8A21AC8D6BB0021B277 /* MainFeed.xcassets in Resources */,
				2326A8A01AC8D2F30021B277 /* ProfileCreation.xcassets in Resources */,
			);
			runOnlyForDeploymentPostprocessing = 0;
		};
		23C468D21AC3C18000FBA5D4 /* Resources */ = {
			isa = PBXResourcesBuildPhase;
			buildActionMask = 2147483647;
			files = (
			);
			runOnlyForDeploymentPostprocessing = 0;
		};
/* End PBXResourcesBuildPhase section */

/* Begin PBXShellScriptBuildPhase section */
		1DDDC648788B5B56B79B0520 /* Copy Pods Resources */ = {
			isa = PBXShellScriptBuildPhase;
			buildActionMask = 2147483647;
			files = (
			);
			inputPaths = (
			);
			name = "Copy Pods Resources";
			outputPaths = (
			);
			runOnlyForDeploymentPostprocessing = 0;
			shellPath = /bin/sh;
			shellScript = "\"${SRCROOT}/Pods/Target Support Files/Pods/Pods-resources.sh\"\n";
			showEnvVarsInLog = 0;
		};
		F0CFCA784F9D924A797F8016 /* Check Pods Manifest.lock */ = {
			isa = PBXShellScriptBuildPhase;
			buildActionMask = 2147483647;
			files = (
			);
			inputPaths = (
			);
			name = "Check Pods Manifest.lock";
			outputPaths = (
			);
			runOnlyForDeploymentPostprocessing = 0;
			shellPath = /bin/sh;
			shellScript = "diff \"${PODS_ROOT}/../Podfile.lock\" \"${PODS_ROOT}/Manifest.lock\" > /dev/null\nif [[ $? != 0 ]] ; then\n    cat << EOM\nerror: The sandbox is not in sync with the Podfile.lock. Run 'pod install' or update your CocoaPods installation.\nEOM\n    exit 1\nfi\n";
			showEnvVarsInLog = 0;
		};
/* End PBXShellScriptBuildPhase section */

/* Begin PBXSourcesBuildPhase section */
		23C468B81AC3C18000FBA5D4 /* Sources */ = {
			isa = PBXSourcesBuildPhase;
			buildActionMask = 2147483647;
			files = (
				23C468C71AC3C18000FBA5D4 /* ViewController.swift in Sources */,
				23C468C51AC3C18000FBA5D4 /* TechBuddy.xcdatamodeld in Sources */,
				23C468C21AC3C18000FBA5D4 /* AppDelegate.swift in Sources */,
			);
			runOnlyForDeploymentPostprocessing = 0;
		};
		23C468D01AC3C18000FBA5D4 /* Sources */ = {
			isa = PBXSourcesBuildPhase;
			buildActionMask = 2147483647;
			files = (
				23C468DB1AC3C18000FBA5D4 /* TechBuddyTests.swift in Sources */,
			);
			runOnlyForDeploymentPostprocessing = 0;
		};
/* End PBXSourcesBuildPhase section */

/* Begin PBXTargetDependency section */
		23C468D61AC3C18000FBA5D4 /* PBXTargetDependency */ = {
			isa = PBXTargetDependency;
			target = 23C468BB1AC3C18000FBA5D4 /* TechBuddy */;
			targetProxy = 23C468D51AC3C18000FBA5D4 /* PBXContainerItemProxy */;
		};
/* End PBXTargetDependency section */

/* Begin PBXVariantGroup section */
		23C468C81AC3C18000FBA5D4 /* Main.storyboard */ = {
			isa = PBXVariantGroup;
			children = (
				23C468C91AC3C18000FBA5D4 /* Base */,
			);
			name = Main.storyboard;
			sourceTree = "<group>";
		};
		23C468CD1AC3C18000FBA5D4 /* LaunchScreen.xib */ = {
			isa = PBXVariantGroup;
			children = (
				23C468CE1AC3C18000FBA5D4 /* Base */,
			);
			name = LaunchScreen.xib;
			sourceTree = "<group>";
		};
/* End PBXVariantGroup section */

/* Begin XCBuildConfiguration section */
		23C468DC1AC3C18000FBA5D4 /* Debug */ = {
			isa = XCBuildConfiguration;
			buildSettings = {
				ALWAYS_SEARCH_USER_PATHS = NO;
				CLANG_CXX_LANGUAGE_STANDARD = "gnu++0x";
				CLANG_CXX_LIBRARY = "libc++";
				CLANG_ENABLE_MODULES = YES;
				CLANG_ENABLE_OBJC_ARC = YES;
				CLANG_WARN_BOOL_CONVERSION = YES;
				CLANG_WARN_CONSTANT_CONVERSION = YES;
				CLANG_WARN_DIRECT_OBJC_ISA_USAGE = YES_ERROR;
				CLANG_WARN_EMPTY_BODY = YES;
				CLANG_WARN_ENUM_CONVERSION = YES;
				CLANG_WARN_INT_CONVERSION = YES;
				CLANG_WARN_OBJC_ROOT_CLASS = YES_ERROR;
				CLANG_WARN_UNREACHABLE_CODE = YES;
				CLANG_WARN__DUPLICATE_METHOD_MATCH = YES;
				"CODE_SIGN_IDENTITY[sdk=iphoneos*]" = "iPhone Developer";
				COPY_PHASE_STRIP = NO;
				ENABLE_STRICT_OBJC_MSGSEND = YES;
				GCC_C_LANGUAGE_STANDARD = gnu99;
				GCC_DYNAMIC_NO_PIC = NO;
				GCC_OPTIMIZATION_LEVEL = 0;
				GCC_PREPROCESSOR_DEFINITIONS = (
					"DEBUG=1",
					"$(inherited)",
				);
				GCC_SYMBOLS_PRIVATE_EXTERN = NO;
				GCC_WARN_64_TO_32_BIT_CONVERSION = YES;
				GCC_WARN_ABOUT_RETURN_TYPE = YES_ERROR;
				GCC_WARN_UNDECLARED_SELECTOR = YES;
				GCC_WARN_UNINITIALIZED_AUTOS = YES_AGGRESSIVE;
				GCC_WARN_UNUSED_FUNCTION = YES;
				GCC_WARN_UNUSED_VARIABLE = YES;
				IPHONEOS_DEPLOYMENT_TARGET = 8.2;
				MTL_ENABLE_DEBUG_INFO = YES;
				ONLY_ACTIVE_ARCH = YES;
				SDKROOT = iphoneos;
				SWIFT_OPTIMIZATION_LEVEL = "-Onone";
				TARGETED_DEVICE_FAMILY = "1,2";
			};
			name = Debug;
		};
		23C468DD1AC3C18000FBA5D4 /* Release */ = {
			isa = XCBuildConfiguration;
			buildSettings = {
				ALWAYS_SEARCH_USER_PATHS = NO;
				CLANG_CXX_LANGUAGE_STANDARD = "gnu++0x";
				CLANG_CXX_LIBRARY = "libc++";
				CLANG_ENABLE_MODULES = YES;
				CLANG_ENABLE_OBJC_ARC = YES;
				CLANG_WARN_BOOL_CONVERSION = YES;
				CLANG_WARN_CONSTANT_CONVERSION = YES;
				CLANG_WARN_DIRECT_OBJC_ISA_USAGE = YES_ERROR;
				CLANG_WARN_EMPTY_BODY = YES;
				CLANG_WARN_ENUM_CONVERSION = YES;
				CLANG_WARN_INT_CONVERSION = YES;
				CLANG_WARN_OBJC_ROOT_CLASS = YES_ERROR;
				CLANG_WARN_UNREACHABLE_CODE = YES;
				CLANG_WARN__DUPLICATE_METHOD_MATCH = YES;
				"CODE_SIGN_IDENTITY[sdk=iphoneos*]" = "iPhone Developer";
				COPY_PHASE_STRIP = NO;
				ENABLE_NS_ASSERTIONS = NO;
				ENABLE_STRICT_OBJC_MSGSEND = YES;
				GCC_C_LANGUAGE_STANDARD = gnu99;
				GCC_WARN_64_TO_32_BIT_CONVERSION = YES;
				GCC_WARN_ABOUT_RETURN_TYPE = YES_ERROR;
				GCC_WARN_UNDECLARED_SELECTOR = YES;
				GCC_WARN_UNINITIALIZED_AUTOS = YES_AGGRESSIVE;
				GCC_WARN_UNUSED_FUNCTION = YES;
				GCC_WARN_UNUSED_VARIABLE = YES;
				IPHONEOS_DEPLOYMENT_TARGET = 8.2;
				MTL_ENABLE_DEBUG_INFO = NO;
				SDKROOT = iphoneos;
				TARGETED_DEVICE_FAMILY = "1,2";
				VALIDATE_PRODUCT = YES;
			};
			name = Release;
		};
		23C468DF1AC3C18000FBA5D4 /* Debug */ = {
			isa = XCBuildConfiguration;
			baseConfigurationReference = B7ABD9493DCEF4D3B3551A61 /* Pods.debug.xcconfig */;
			buildSettings = {
				ASSETCATALOG_COMPILER_APPICON_NAME = AppIcon;
				INFOPLIST_FILE = TechBuddy/Info.plist;
				LD_RUNPATH_SEARCH_PATHS = "$(inherited) @executable_path/Frameworks";
				PRODUCT_NAME = "$(TARGET_NAME)";
			};
			name = Debug;
		};
		23C468E01AC3C18000FBA5D4 /* Release */ = {
			isa = XCBuildConfiguration;
			baseConfigurationReference = FB6B2B0D435B71F9D3A039A7 /* Pods.release.xcconfig */;
			buildSettings = {
				ASSETCATALOG_COMPILER_APPICON_NAME = AppIcon;
				INFOPLIST_FILE = TechBuddy/Info.plist;
				LD_RUNPATH_SEARCH_PATHS = "$(inherited) @executable_path/Frameworks";
				PRODUCT_NAME = "$(TARGET_NAME)";
			};
			name = Release;
		};
		23C468E21AC3C18000FBA5D4 /* Debug */ = {
			isa = XCBuildConfiguration;
			buildSettings = {
				BUNDLE_LOADER = "$(TEST_HOST)";
				FRAMEWORK_SEARCH_PATHS = (
					"$(SDKROOT)/Developer/Library/Frameworks",
					"$(inherited)",
				);
				GCC_PREPROCESSOR_DEFINITIONS = (
					"DEBUG=1",
					"$(inherited)",
				);
				INFOPLIST_FILE = TechBuddyTests/Info.plist;
				LD_RUNPATH_SEARCH_PATHS = "$(inherited) @executable_path/Frameworks @loader_path/Frameworks";
				PRODUCT_NAME = "$(TARGET_NAME)";
				TEST_HOST = "$(BUILT_PRODUCTS_DIR)/TechBuddy.app/TechBuddy";
			};
			name = Debug;
		};
		23C468E31AC3C18000FBA5D4 /* Release */ = {
			isa = XCBuildConfiguration;
			buildSettings = {
				BUNDLE_LOADER = "$(TEST_HOST)";
				FRAMEWORK_SEARCH_PATHS = (
					"$(SDKROOT)/Developer/Library/Frameworks",
					"$(inherited)",
				);
				INFOPLIST_FILE = TechBuddyTests/Info.plist;
				LD_RUNPATH_SEARCH_PATHS = "$(inherited) @executable_path/Frameworks @loader_path/Frameworks";
				PRODUCT_NAME = "$(TARGET_NAME)";
				TEST_HOST = "$(BUILT_PRODUCTS_DIR)/TechBuddy.app/TechBuddy";
			};
			name = Release;
		};
/* End XCBuildConfiguration section */

/* Begin XCConfigurationList section */
		23C468B71AC3C18000FBA5D4 /* Build configuration list for PBXProject "TechBuddy" */ = {
			isa = XCConfigurationList;
			buildConfigurations = (
				23C468DC1AC3C18000FBA5D4 /* Debug */,
				23C468DD1AC3C18000FBA5D4 /* Release */,
			);
			defaultConfigurationIsVisible = 0;
			defaultConfigurationName = Release;
		};
		23C468DE1AC3C18000FBA5D4 /* Build configuration list for PBXNativeTarget "TechBuddy" */ = {
			isa = XCConfigurationList;
			buildConfigurations = (
				23C468DF1AC3C18000FBA5D4 /* Debug */,
				23C468E01AC3C18000FBA5D4 /* Release */,
			);
			defaultConfigurationIsVisible = 0;
			defaultConfigurationName = Release;
		};
		23C468E11AC3C18000FBA5D4 /* Build configuration list for PBXNativeTarget "TechBuddyTests" */ = {
			isa = XCConfigurationList;
			buildConfigurations = (
				23C468E21AC3C18000FBA5D4 /* Debug */,
				23C468E31AC3C18000FBA5D4 /* Release */,
			);
			defaultConfigurationIsVisible = 0;
			defaultConfigurationName = Release;
		};
/* End XCConfigurationList section */

/* Begin XCVersionGroup section */
		23C468C31AC3C18000FBA5D4 /* TechBuddy.xcdatamodeld */ = {
			isa = XCVersionGroup;
			children = (
				23C468C41AC3C18000FBA5D4 /* TechBuddy.xcdatamodel */,
			);
			currentVersion = 23C468C41AC3C18000FBA5D4 /* TechBuddy.xcdatamodel */;
			path = TechBuddy.xcdatamodeld;
			sourceTree = "<group>";
			versionGroupType = wrapper.xcdatamodel;
		};
/* End XCVersionGroup section */
	};
	rootObject = 23C468B41AC3C18000FBA5D4 /* Project object */;
}
